
Microsoft Visual Studio Solution File, Format Version 12.00
# Visual Studio Version 17
VisualStudioVersion = 17.7.34031.279
MinimumVisualStudioVersion = 10.0.40219.1
Project("{FAE04EC0-301F-11D3-BF4B-00C04F79EFBC}") = "Composite", "Composite.csproj", "{8F4DD102-2779-49BF-A7A6-F13C8D20857B}"
EndProject
Global
	GlobalSection(SolutionConfigurationPlatforms) = preSolution
		Debug|Any CPU = Debug|Any CPU
		Release|Any CPU = Release|Any CPU
	EndGlobalSection
	GlobalSection(ProjectConfigurationPlatforms) = postSolution
		{8F4DD102-2779-49BF-A7A6-F13C8D20857B}.Debug|Any CPU.ActiveCfg = Debug|Any CPU
		{8F4DD102-2779-49BF-A7A6-F13C8D20857B}.Debug|Any CPU.Build.0 = Debug|Any CPU
		{8F4DD102-2779-49BF-A7A6-F13C8D20857B}.Release|Any CPU.ActiveCfg = Release|Any CPU
		{8F4DD102-2779-49BF-A7A6-F13C8D20857B}.Release|Any CPU.Build.0 = Release|Any CPU
	EndGlobalSection
	GlobalSection(SolutionProperties) = preSolution
		HideSolutionNode = FALSE
	EndGlobalSection
	GlobalSection(ExtensibilityGlobals) = postSolution
		SolutionGuid = {81898115-B13B-4582-A1E2-BB6CA94F323E}
	EndGlobalSection
EndGlobal
